{
  "nodes": {
    "crates-io-index": {
      "flake": false,
      "locked": {
        "lastModified": 1763363725,
        "narHash": "sha256-cxr5xIKZFP45yV1ZHFTB1sHo5YGiR3FA8D9vAfDizMo=",
        "ref": "refs/heads/master",
        "rev": "0382002e816a4cbd17d8d5b172f08b848aa22ff6",
        "shallow": true,
        "type": "git",
        "url": "https://github.com/rust-lang/crates.io-index"
      },
      "original": {
        "shallow": true,
        "type": "git",
        "url": "https://github.com/rust-lang/crates.io-index"
      }
    },
    "root": {
      "inputs": {
        "crates-io-index": "crates-io-index"
      }
    }
  },
  "root": "root",
  "version": 7
}
